
Microsoft Visual Studio Solution File, Format Version 12.00
# Visual Studio Version 17
VisualStudioVersion = 17.5.002.0
MinimumVisualStudioVersion = 10.0.40219.1
Project("{9A19103F-16F7-4668-BE54-9A1E7A4F7556}") = "Edusync", "Edusync.csproj", "{E4D14CD8-D20F-410A-96EE-B7162F67AA2A}"
EndProject
Project("{FAE04EC0-301F-11D3-BF4B-00C04F79EFBC}") = "Edusync.Tests", "Edusync.Tests\Edusync.Tests.csproj", "{0CDBD246-2F7E-41DF-BDF8-CA87855E245D}"
EndProject
Global
	GlobalSection(SolutionConfigurationPlatforms) = preSolution
		Debug|Any CPU = Debug|Any CPU
		Release|Any CPU = Release|Any CPU
	EndGlobalSection
	GlobalSection(ProjectConfigurationPlatforms) = postSolution
		{E4D14CD8-D20F-410A-96EE-B7162F67AA2A}.Debug|Any CPU.ActiveCfg = Debug|Any CPU
		{E4D14CD8-D20F-410A-96EE-B7162F67AA2A}.Debug|Any CPU.Build.0 = Debug|Any CPU
		{E4D14CD8-D20F-410A-96EE-B7162F67AA2A}.Release|Any CPU.ActiveCfg = Release|Any CPU
		{E4D14CD8-D20F-410A-96EE-B7162F67AA2A}.Release|Any CPU.Build.0 = Release|Any CPU
		{0CDBD246-2F7E-41DF-BDF8-CA87855E245D}.Debug|Any CPU.ActiveCfg = Debug|Any CPU
		{0CDBD246-2F7E-41DF-BDF8-CA87855E245D}.Debug|Any CPU.Build.0 = Debug|Any CPU
		{0CDBD246-2F7E-41DF-BDF8-CA87855E245D}.Release|Any CPU.ActiveCfg = Release|Any CPU
		{0CDBD246-2F7E-41DF-BDF8-CA87855E245D}.Release|Any CPU.Build.0 = Release|Any CPU
	EndGlobalSection
	GlobalSection(SolutionProperties) = preSolution
		HideSolutionNode = FALSE
	EndGlobalSection
	GlobalSection(ExtensibilityGlobals) = postSolution
		SolutionGuid = {D2A60D16-AED3-4DCD-8CCD-DC4EA514DDD0}
	EndGlobalSection
EndGlobal
